
Microsoft Visual Studio Solution File, Format Version 12.00
# Visual Studio Version 17
VisualStudioVersion = 17.2.32630.192
MinimumVisualStudioVersion = 10.0.40219.1
Project("{FAE04EC0-301F-11D3-BF4B-00C04F79EFBC}") = "work_2", "work_2\work_2.csproj", "{DE2E49C9-5CF6-4612-A9B4-54480BD2B31E}"
EndProject
Global
	GlobalSection(SolutionConfigurationPlatforms) = preSolution
		Debug|Any CPU = Debug|Any CPU
		Release|Any CPU = Release|Any CPU
	EndGlobalSection
	GlobalSection(ProjectConfigurationPlatforms) = postSolution
		{DE2E49C9-5CF6-4612-A9B4-54480BD2B31E}.Debug|Any CPU.ActiveCfg = Debug|Any CPU
		{DE2E49C9-5CF6-4612-A9B4-54480BD2B31E}.Debug|Any CPU.Build.0 = Debug|Any CPU
		{DE2E49C9-5CF6-4612-A9B4-54480BD2B31E}.Release|Any CPU.ActiveCfg = Release|Any CPU
		{DE2E49C9-5CF6-4612-A9B4-54480BD2B31E}.Release|Any CPU.Build.0 = Release|Any CPU
	EndGlobalSection
	GlobalSection(SolutionProperties) = preSolution
		HideSolutionNode = FALSE
	EndGlobalSection
	GlobalSection(ExtensibilityGlobals) = postSolution
		SolutionGuid = {6352E14C-AC7E-4280-B19E-F25BCED49AFF}
	EndGlobalSection
EndGlobal
